{
  "requires": true,
  "lockfileVersion": 1,
  "dependencies": {
    "redis-commands": {
      "version": "1.7.0",
      "resolved": "https://registry.npmjs.org/redis-commands/-/redis-commands-1.7.0.tgz",
      "integrity": "sha512-nJWqw3bTFy21hX/CPKHth6sfhZbdiHP6bTawSgQBlKOVRG7EZkfHbbHwQJnrE4vsQf0CMNE+3gJ4Fmm16vdVlQ=="
    }
  }
}
